Microsoft Visual Studio Solution File, Format Version 12.00
# Visual Studio Version 17
VisualStudioVersion = 17.5.2.0
MinimumVisualStudioVersion = 10.0.40219.1
Project("{2150E333-8FDC-42A3-9474-1A3956D46DE8}") = "cop-abirem-cms", "cop-abirem-cms", "{D0AEE570-4384-F67C-B3B0-AB2811B27EC0}"
EndProject
Project("{2150E333-8FDC-42A3-9474-1A3956D46DE8}") = "zkfinger-bridge", "zkfinger-bridge", "{57A6A5BC-FA19-F3E4-6399-18F0726DBD75}"
EndProject
Project("{FAE04EC0-301F-11D3-BF4B-00C04F79EFBC}") = "ZKFingerBridge", "cop-abirem-cms\zkfinger-bridge\ZKFingerBridge.csproj", "{45BFB197-F952-98AC-ABE3-B94DAD368D51}"
EndProject
Global
	GlobalSection(SolutionConfigurationPlatforms) = preSolution
		Debug|Any CPU = Debug|Any CPU
		Release|Any CPU = Release|Any CPU
	EndGlobalSection
	GlobalSection(ProjectConfigurationPlatforms) = postSolution
		{45BFB197-F952-98AC-ABE3-B94DAD368D51}.Debug|Any CPU.ActiveCfg = Debug|Any CPU
		{45BFB197-F952-98AC-ABE3-B94DAD368D51}.Debug|Any CPU.Build.0 = Debug|Any CPU
		{45BFB197-F952-98AC-ABE3-B94DAD368D51}.Release|Any CPU.ActiveCfg = Release|Any CPU
		{45BFB197-F952-98AC-ABE3-B94DAD368D51}.Release|Any CPU.Build.0 = Release|Any CPU
	EndGlobalSection
	GlobalSection(SolutionProperties) = preSolution
		HideSolutionNode = FALSE
	EndGlobalSection
	GlobalSection(NestedProjects) = preSolution
		{57A6A5BC-FA19-F3E4-6399-18F0726DBD75} = {D0AEE570-4384-F67C-B3B0-AB2811B27EC0}
		{45BFB197-F952-98AC-ABE3-B94DAD368D51} = {57A6A5BC-FA19-F3E4-6399-18F0726DBD75}
	EndGlobalSection
	GlobalSection(ExtensibilityGlobals) = postSolution
		SolutionGuid = {5D45DDB7-9610-47ED-B0D4-49A803B7663A}
	EndGlobalSection
EndGlobal
